// !$*UTF8*$!
{
	archiveVersion = 1;
	classes = {
	};
	objectVersion = 46;
	objects = {

/* Begin PBXBuildFile section */
		655A85301E1E8A3A00A6EC9B /* AppDelegate.swift in Sources */ = {isa = PBXBuildFile; fileRef = 655A852F1E1E8A3A00A6EC9B /* AppDelegate.swift */; };
		655A85321E1E8A3A00A6EC9B /* ViewController.swift in Sources */ = {isa = PBXBuildFile; fileRef = 655A85311E1E8A3A00A6EC9B /* ViewController.swift */; };
		655A85351E1E8A3A00A6EC9B /* Main.storyboard in Resources */ = {isa = PBXBuildFile; fileRef = 655A85331E1E8A3A00A6EC9B /* Main.storyboard */; };
		655A85371E1E8A3A00A6EC9B /* Assets.xcassets in Resources */ = {isa = PBXBuildFile; fileRef = 655A85361E1E8A3A00A6EC9B /* Assets.xcassets */; };
		655A853A1E1E8A3A00A6EC9B /* LaunchScreen.storyboard in Resources */ = {isa = PBXBuildFile; fileRef = 655A85381E1E8A3A00A6EC9B /* LaunchScreen.storyboard */; };
		655A85451E1E8A3A00A6EC9B /* NewNotificationsTests.swift in Sources */ = {isa = PBXBuildFile; fileRef = 655A85441E1E8A3A00A6EC9B /* NewNotificationsTests.swift */; };
		659566411E1ED1FE00605061 /* rick_grimes.gif in Resources */ = {isa = PBXBuildFile; fileRef = 659566401E1ED1FE00605061 /* rick_grimes.gif */; };
		6595664D1E1ED45600605061 /* MyContentExtension.appex in Embed App Extensions */ = {isa = PBXBuildFile; fileRef = 659566461E1ED45600605061 /* MyContentExtension.appex */; settings = {ATTRIBUTES = (RemoveHeadersOnCopy, ); }; };
		659566591E1ED52500605061 /* UserNotifications.framework in Frameworks */ = {isa = PBXBuildFile; fileRef = 659566581E1ED52500605061 /* UserNotifications.framework */; };
		6595665B1E1ED52500605061 /* UserNotificationsUI.framework in Frameworks */ = {isa = PBXBuildFile; fileRef = 6595665A1E1ED52500605061 /* UserNotificationsUI.framework */; };
		6595665E1E1ED52500605061 /* NotificationViewController.swift in Sources */ = {isa = PBXBuildFile; fileRef = 6595665D1E1ED52500605061 /* NotificationViewController.swift */; };
		659566611E1ED52500605061 /* MainInterface.storyboard in Resources */ = {isa = PBXBuildFile; fileRef = 6595665F1E1ED52500605061 /* MainInterface.storyboard */; };
		659566651E1ED52500605061 /* MyContentExtension2.appex in Embed App Extensions */ = {isa = PBXBuildFile; fileRef = 659566561E1ED52500605061 /* MyContentExtension2.appex */; settings = {ATTRIBUTES = (RemoveHeadersOnCopy, ); }; };
/* End PBXBuildFile section */

/* Begin PBXContainerItemProxy section */
		655A85411E1E8A3A00A6EC9B /* PBXContainerItemProxy */ = {
			isa = PBXContainerItemProxy;
			containerPortal = 655A85241E1E8A3A00A6EC9B /* Project object */;
			proxyType = 1;
			remoteGlobalIDString = 655A852B1E1E8A3A00A6EC9B;
			remoteInfo = NewNotifications;
		};
		6595664B1E1ED45600605061 /* PBXContainerItemProxy */ = {
			isa = PBXContainerItemProxy;
			containerPortal = 655A85241E1E8A3A00A6EC9B /* Project object */;
			proxyType = 1;
			remoteGlobalIDString = 659566451E1ED45600605061;
			remoteInfo = MyContentExtension;
		};
		659566631E1ED52500605061 /* PBXContainerItemProxy */ = {
			isa = PBXContainerItemProxy;
			containerPortal = 655A85241E1E8A3A00A6EC9B /* Project object */;
			proxyType = 1;
			remoteGlobalIDString = 659566551E1ED52500605061;
			remoteInfo = MyContentExtension2;
		};
/* End PBXContainerItemProxy section */

/* Begin PBXCopyFilesBuildPhase section */
		659566511E1ED45600605061 /* Embed App Extensions */ = {
			isa = PBXCopyFilesBuildPhase;
			buildActionMask = 2147483647;
			dstPath = "";
			dstSubfolderSpec = 13;
			files = (
				6595664D1E1ED45600605061 /* MyContentExtension.appex in Embed App Extensions */,
				659566651E1ED52500605061 /* MyContentExtension2.appex in Embed App Extensions */,
			);
			name = "Embed App Extensions";
			runOnlyForDeploymentPostprocessing = 0;
		};
/* End PBXCopyFilesBuildPhase section */

/* Begin PBXFileReference section */
		655A852C1E1E8A3A00A6EC9B /* NewNotifications.app */ = {isa = PBXFileReference; explicitFileType = wrapper.application; includeInIndex = 0; path = NewNotifications.app; sourceTree = BUILT_PRODUCTS_DIR; };
		655A852F1E1E8A3A00A6EC9B /* AppDelegate.swift */ = {isa = PBXFileReference; lastKnownFileType = sourcecode.swift; path = AppDelegate.swift; sourceTree = "<group>"; };
		655A85311E1E8A3A00A6EC9B /* ViewController.swift */ = {isa = PBXFileReference; lastKnownFileType = sourcecode.swift; path = ViewController.swift; sourceTree = "<group>"; };
		655A85341E1E8A3A00A6EC9B /* Base */ = {isa = PBXFileReference; lastKnownFileType = file.storyboard; name = Base; path = Base.lproj/Main.storyboard; sourceTree = "<group>"; };
		655A85361E1E8A3A00A6EC9B /* Assets.xcassets */ = {isa = PBXFileReference; lastKnownFileType = folder.assetcatalog; path = Assets.xcassets; sourceTree = "<group>"; };
		655A85391E1E8A3A00A6EC9B /* Base */ = {isa = PBXFileReference; lastKnownFileType = file.storyboard; name = Base; path = Base.lproj/LaunchScreen.storyboard; sourceTree = "<group>"; };
		655A853B1E1E8A3A00A6EC9B /* Info.plist */ = {isa = PBXFileReference; lastKnownFileType = text.plist.xml; path = Info.plist; sourceTree = "<group>"; };
		655A85401E1E8A3A00A6EC9B /* NewNotificationsTests.xctest */ = {isa = PBXFileReference; explicitFileType = wrapper.cfbundle; includeInIndex = 0; path = NewNotificationsTests.xctest; sourceTree = BUILT_PRODUCTS_DIR; };
		655A85441E1E8A3A00A6EC9B /* NewNotificationsTests.swift */ = {isa = PBXFileReference; lastKnownFileType = sourcecode.swift; path = NewNotificationsTests.swift; sourceTree = "<group>"; };
		655A85461E1E8A3A00A6EC9B /* Info.plist */ = {isa = PBXFileReference; lastKnownFileType = text.plist.xml; path = Info.plist; sourceTree = "<group>"; };
		659566401E1ED1FE00605061 /* rick_grimes.gif */ = {isa = PBXFileReference; lastKnownFileType = image.gif; name = rick_grimes.gif; path = ../rick_grimes.gif; sourceTree = "<group>"; };
		659566461E1ED45600605061 /* MyContentExtension.appex */ = {isa = PBXFileReference; explicitFileType = "wrapper.app-extension"; includeInIndex = 0; path = MyContentExtension.appex; sourceTree = BUILT_PRODUCTS_DIR; };
		659566561E1ED52500605061 /* MyContentExtension2.appex */ = {isa = PBXFileReference; explicitFileType = "wrapper.app-extension"; includeInIndex = 0; path = MyContentExtension2.appex; sourceTree = BUILT_PRODUCTS_DIR; };
		659566581E1ED52500605061 /* UserNotifications.framework */ = {isa = PBXFileReference; lastKnownFileType = wrapper.framework; name = UserNotifications.framework; path = System/Library/Frameworks/UserNotifications.framework; sourceTree = SDKROOT; };
		6595665A1E1ED52500605061 /* UserNotificationsUI.framework */ = {isa = PBXFileReference; lastKnownFileType = wrapper.framework; name = UserNotificationsUI.framework; path = System/Library/Frameworks/UserNotificationsUI.framework; sourceTree = SDKROOT; };
		6595665D1E1ED52500605061 /* NotificationViewController.swift */ = {isa = PBXFileReference; lastKnownFileType = sourcecode.swift; path = NotificationViewController.swift; sourceTree = "<group>"; };
		659566601E1ED52500605061 /* Base */ = {isa = PBXFileReference; lastKnownFileType = file.storyboard; name = Base; path = Base.lproj/MainInterface.storyboard; sourceTree = "<group>"; };
		659566621E1ED52500605061 /* Info.plist */ = {isa = PBXFileReference; lastKnownFileType = text.plist.xml; path = Info.plist; sourceTree = "<group>"; };
/* End PBXFileReference section */

/* Begin PBXFrameworksBuildPhase section */
		655A85291E1E8A3A00A6EC9B /* Frameworks */ = {
			isa = PBXFrameworksBuildPhase;
			buildActionMask = 2147483647;
			files = (
			);
			runOnlyForDeploymentPostprocessing = 0;
		};
		655A853D1E1E8A3A00A6EC9B /* Frameworks */ = {
			isa = PBXFrameworksBuildPhase;
			buildActionMask = 2147483647;
			files = (
			);
			runOnlyForDeploymentPostprocessing = 0;
		};
		659566431E1ED45600605061 /* Frameworks */ = {
			isa = PBXFrameworksBuildPhase;
			buildActionMask = 2147483647;
			files = (
			);
			runOnlyForDeploymentPostprocessing = 0;
		};
		659566531E1ED52500605061 /* Frameworks */ = {
			isa = PBXFrameworksBuildPhase;
			buildActionMask = 2147483647;
			files = (
				6595665B1E1ED52500605061 /* UserNotificationsUI.framework in Frameworks */,
				659566591E1ED52500605061 /* UserNotifications.framework in Frameworks */,
			);
			runOnlyForDeploymentPostprocessing = 0;
		};
/* End PBXFrameworksBuildPhase section */

/* Begin PBXGroup section */
		655A85231E1E8A3A00A6EC9B = {
			isa = PBXGroup;
			children = (
				655A852E1E1E8A3A00A6EC9B /* NewNotifications */,
				6595665C1E1ED52500605061 /* MyContentExtension2 */,
				655A85431E1E8A3A00A6EC9B /* NewNotificationsTests */,
				659566571E1ED52500605061 /* Frameworks */,
				655A852D1E1E8A3A00A6EC9B /* Products */,
			);
			sourceTree = "<group>";
		};
		655A852D1E1E8A3A00A6EC9B /* Products */ = {
			isa = PBXGroup;
			children = (
				655A852C1E1E8A3A00A6EC9B /* NewNotifications.app */,
				655A85401E1E8A3A00A6EC9B /* NewNotificationsTests.xctest */,
				659566461E1ED45600605061 /* MyContentExtension.appex */,
				659566561E1ED52500605061 /* MyContentExtension2.appex */,
			);
			name = Products;
			sourceTree = "<group>";
		};
		655A852E1E1E8A3A00A6EC9B /* NewNotifications */ = {
			isa = PBXGroup;
			children = (
				655A852F1E1E8A3A00A6EC9B /* AppDelegate.swift */,
				655A85311E1E8A3A00A6EC9B /* ViewController.swift */,
				655A85331E1E8A3A00A6EC9B /* Main.storyboard */,
				655A85361E1E8A3A00A6EC9B /* Assets.xcassets */,
				655A85381E1E8A3A00A6EC9B /* LaunchScreen.storyboard */,
				659566401E1ED1FE00605061 /* rick_grimes.gif */,
				655A853B1E1E8A3A00A6EC9B /* Info.plist */,
			);
			path = NewNotifications;
			sourceTree = "<group>";
		};
		655A85431E1E8A3A00A6EC9B /* NewNotificationsTests */ = {
			isa = PBXGroup;
			children = (
				655A85441E1E8A3A00A6EC9B /* NewNotificationsTests.swift */,
				655A85461E1E8A3A00A6EC9B /* Info.plist */,
			);
			path = NewNotificationsTests;
			sourceTree = "<group>";
		};
		659566571E1ED52500605061 /* Frameworks */ = {
			isa = PBXGroup;
			children = (
				659566581E1ED52500605061 /* UserNotifications.framework */,
				6595665A1E1ED52500605061 /* UserNotificationsUI.framework */,
			);
			name = Frameworks;
			sourceTree = "<group>";
		};
		6595665C1E1ED52500605061 /* MyContentExtension2 */ = {
			isa = PBXGroup;
			children = (
				6595665D1E1ED52500605061 /* NotificationViewController.swift */,
				6595665F1E1ED52500605061 /* MainInterface.storyboard */,
				659566621E1ED52500605061 /* Info.plist */,
			);
			path = MyContentExtension2;
			sourceTree = "<group>";
		};
/* End PBXGroup section */

/* Begin PBXNativeTarget section */
		655A852B1E1E8A3A00A6EC9B /* NewNotifications */ = {
			isa = PBXNativeTarget;
			buildConfigurationList = 655A85491E1E8A3A00A6EC9B /* Build configuration list for PBXNativeTarget "NewNotifications" */;
			buildPhases = (
				655A85281E1E8A3A00A6EC9B /* Sources */,
				655A85291E1E8A3A00A6EC9B /* Frameworks */,
				655A852A1E1E8A3A00A6EC9B /* Resources */,
				659566511E1ED45600605061 /* Embed App Extensions */,
			);
			buildRules = (
			);
			dependencies = (
				6595664C1E1ED45600605061 /* PBXTargetDependency */,
				659566641E1ED52500605061 /* PBXTargetDependency */,
			);
			name = NewNotifications;
			productName = NewNotifications;
			productReference = 655A852C1E1E8A3A00A6EC9B /* NewNotifications.app */;
			productType = "com.apple.product-type.application";
		};
		655A853F1E1E8A3A00A6EC9B /* NewNotificationsTests */ = {
			isa = PBXNativeTarget;
			buildConfigurationList = 655A854C1E1E8A3A00A6EC9B /* Build configuration list for PBXNativeTarget "NewNotificationsTests" */;
			buildPhases = (
				655A853C1E1E8A3A00A6EC9B /* Sources */,
				655A853D1E1E8A3A00A6EC9B /* Frameworks */,
				655A853E1E1E8A3A00A6EC9B /* Resources */,
			);
			buildRules = (
			);
			dependencies = (
				655A85421E1E8A3A00A6EC9B /* PBXTargetDependency */,
			);
			name = NewNotificationsTests;
			productName = NewNotificationsTests;
			productReference = 655A85401E1E8A3A00A6EC9B /* NewNotificationsTests.xctest */;
			productType = "com.apple.product-type.bundle.unit-test";
		};
		659566451E1ED45600605061 /* MyContentExtension */ = {
			isa = PBXNativeTarget;
			buildConfigurationList = 6595664E1E1ED45600605061 /* Build configuration list for PBXNativeTarget "MyContentExtension" */;
			buildPhases = (
				659566421E1ED45600605061 /* Sources */,
				659566431E1ED45600605061 /* Frameworks */,
				659566441E1ED45600605061 /* Resources */,
			);
			buildRules = (
			);
			dependencies = (
			);
			name = MyContentExtension;
			productName = MyContentExtension;
			productReference = 659566461E1ED45600605061 /* MyContentExtension.appex */;
			productType = "com.apple.product-type.app-extension";
		};
		659566551E1ED52500605061 /* MyContentExtension2 */ = {
			isa = PBXNativeTarget;
			buildConfigurationList = 659566661E1ED52500605061 /* Build configuration list for PBXNativeTarget "MyContentExtension2" */;
			buildPhases = (
				659566521E1ED52500605061 /* Sources */,
				659566531E1ED52500605061 /* Frameworks */,
				659566541E1ED52500605061 /* Resources */,
			);
			buildRules = (
			);
			dependencies = (
			);
			name = MyContentExtension2;
			productName = MyContentExtension2;
			productReference = 659566561E1ED52500605061 /* MyContentExtension2.appex */;
			productType = "com.apple.product-type.app-extension";
		};
/* End PBXNativeTarget section */

/* Begin PBXProject section */
		655A85241E1E8A3A00A6EC9B /* Project object */ = {
			isa = PBXProject;
			attributes = {
				LastSwiftUpdateCheck = 0800;
				LastUpgradeCheck = 0800;
				ORGANIZATIONNAME = "Ilie, Stefan";
				TargetAttributes = {
					655A852B1E1E8A3A00A6EC9B = {
						CreatedOnToolsVersion = 8.0;
						ProvisioningStyle = Automatic;
					};
					655A853F1E1E8A3A00A6EC9B = {
						CreatedOnToolsVersion = 8.0;
						ProvisioningStyle = Automatic;
						TestTargetID = 655A852B1E1E8A3A00A6EC9B;
					};
					659566451E1ED45600605061 = {
						CreatedOnToolsVersion = 8.0;
						ProvisioningStyle = Automatic;
					};
					659566551E1ED52500605061 = {
						CreatedOnToolsVersion = 8.0;
						ProvisioningStyle = Automatic;
					};
				};
			};
			buildConfigurationList = 655A85271E1E8A3A00A6EC9B /* Build configuration list for PBXProject "NewNotifications" */;
			compatibilityVersion = "Xcode 3.2";
			developmentRegion = English;
			hasScannedForEncodings = 0;
			knownRegions = (
				en,
				Base,
			);
			mainGroup = 655A85231E1E8A3A00A6EC9B;
			productRefGroup = 655A852D1E1E8A3A00A6EC9B /* Products */;
			projectDirPath = "";
			projectRoot = "";
			targets = (
				655A852B1E1E8A3A00A6EC9B /* NewNotifications */,
				655A853F1E1E8A3A00A6EC9B /* NewNotificationsTests */,
				659566451E1ED45600605061 /* MyContentExtension */,
				659566551E1ED52500605061 /* MyContentExtension2 */,
			);
		};
/* End PBXProject section */

/* Begin PBXResourcesBuildPhase section */
		655A852A1E1E8A3A00A6EC9B /* Resources */ = {
			isa = PBXResourcesBuildPhase;
			buildActionMask = 2147483647;
			files = (
				655A853A1E1E8A3A00A6EC9B /* LaunchScreen.storyboard in Resources */,
				655A85371E1E8A3A00A6EC9B /* Assets.xcassets in Resources */,
				659566411E1ED1FE00605061 /* rick_grimes.gif in Resources */,
				655A85351E1E8A3A00A6EC9B /* Main.storyboard in Resources */,
			);
			runOnlyForDeploymentPostprocessing = 0;
		};
		655A853E1E1E8A3A00A6EC9B /* Resources */ = {
			isa = PBXResourcesBuildPhase;
			buildActionMask = 2147483647;
			files = (
			);
			runOnlyForDeploymentPostprocessing = 0;
		};
		659566441E1ED45600605061 /* Resources */ = {
			isa = PBXResourcesBuildPhase;
			buildActionMask = 2147483647;
			files = (
			);
			runOnlyForDeploymentPostprocessing = 0;
		};
		659566541E1ED52500605061 /* Resources */ = {
			isa = PBXResourcesBuildPhase;
			buildActionMask = 2147483647;
			files = (
				659566611E1ED52500605061 /* MainInterface.storyboard in Resources */,
			);
			runOnlyForDeploymentPostprocessing = 0;
		};
/* End PBXResourcesBuildPhase section */

/* Begin PBXSourcesBuildPhase section */
		655A85281E1E8A3A00A6EC9B /* Sources */ = {
			isa = PBXSourcesBuildPhase;
			buildActionMask = 2147483647;
			files = (
				655A85321E1E8A3A00A6EC9B /* ViewController.swift in Sources */,
				655A85301E1E8A3A00A6EC9B /* AppDelegate.swift in Sources */,
			);
			runOnlyForDeploymentPostprocessing = 0;
		};
		655A853C1E1E8A3A00A6EC9B /* Sources */ = {
			isa = PBXSourcesBuildPhase;
			buildActionMask = 2147483647;
			files = (
				655A85451E1E8A3A00A6EC9B /* NewNotificationsTests.swift in Sources */,
			);
			runOnlyForDeploymentPostprocessing = 0;
		};
		659566421E1ED45600605061 /* Sources */ = {
			isa = PBXSourcesBuildPhase;
			buildActionMask = 2147483647;
			files = (
			);
			runOnlyForDeploymentPostprocessing = 0;
		};
		659566521E1ED52500605061 /* Sources */ = {
			isa = PBXSourcesBuildPhase;
			buildActionMask = 2147483647;
			files = (
				6595665E1E1ED52500605061 /* NotificationViewController.swift in Sources */,
			);
			runOnlyForDeploymentPostprocessing = 0;
		};
/* End PBXSourcesBuildPhase section */

/* Begin PBXTargetDependency section */
		655A85421E1E8A3A00A6EC9B /* PBXTargetDependency */ = {
			isa = PBXTargetDependency;
			target = 655A852B1E1E8A3A00A6EC9B /* NewNotifications */;
			targetProxy = 655A85411E1E8A3A00A6EC9B /* PBXContainerItemProxy */;
		};
		6595664C1E1ED45600605061 /* PBXTargetDependency */ = {
			isa = PBXTargetDependency;
			target = 659566451E1ED45600605061 /* MyContentExtension */;
			targetProxy = 6595664B1E1ED45600605061 /* PBXContainerItemProxy */;
		};
		659566641E1ED52500605061 /* PBXTargetDependency */ = {
			isa = PBXTargetDependency;
			target = 659566551E1ED52500605061 /* MyContentExtension2 */;
			targetProxy = 659566631E1ED52500605061 /* PBXContainerItemProxy */;
		};
/* End PBXTargetDependency section */

/* Begin PBXVariantGroup section */
		655A85331E1E8A3A00A6EC9B /* Main.storyboard */ = {
			isa = PBXVariantGroup;
			children = (
				655A85341E1E8A3A00A6EC9B /* Base */,
			);
			name = Main.storyboard;
			sourceTree = "<group>";
		};
		655A85381E1E8A3A00A6EC9B /* LaunchScreen.storyboard */ = {
			isa = PBXVariantGroup;
			children = (
				655A85391E1E8A3A00A6EC9B /* Base */,
			);
			name = LaunchScreen.storyboard;
			sourceTree = "<group>";
		};
		6595665F1E1ED52500605061 /* MainInterface.storyboard */ = {
			isa = PBXVariantGroup;
			children = (
				659566601E1ED52500605061 /* Base */,
			);
			name = MainInterface.storyboard;
			sourceTree = "<group>";
		};
/* End PBXVariantGroup section */

/* Begin XCBuildConfiguration section */
		655A85471E1E8A3A00A6EC9B /* Debug */ = {
			isa = XCBuildConfiguration;
			buildSettings = {
				ALWAYS_SEARCH_USER_PATHS = NO;
				CLANG_ANALYZER_NONNULL = YES;
				CLANG_CXX_LANGUAGE_STANDARD = "gnu++0x";
				CLANG_CXX_LIBRARY = "libc++";
				CLANG_ENABLE_MODULES = YES;
				CLANG_ENABLE_OBJC_ARC = YES;
				CLANG_WARN_BOOL_CONVERSION = YES;
				CLANG_WARN_CONSTANT_CONVERSION = YES;
				CLANG_WARN_DIRECT_OBJC_ISA_USAGE = YES_ERROR;
				CLANG_WARN_DOCUMENTATION_COMMENTS = YES;
				CLANG_WARN_EMPTY_BODY = YES;
				CLANG_WARN_ENUM_CONVERSION = YES;
				CLANG_WARN_INFINITE_RECURSION = YES;
				CLANG_WARN_INT_CONVERSION = YES;
				CLANG_WARN_OBJC_ROOT_CLASS = YES_ERROR;
				CLANG_WARN_SUSPICIOUS_MOVES = YES;
				CLANG_WARN_UNREACHABLE_CODE = YES;
				CLANG_WARN__DUPLICATE_METHOD_MATCH = YES;
				"CODE_SIGN_IDENTITY[sdk=iphoneos*]" = "iPhone Developer";
				COPY_PHASE_STRIP = NO;
				DEBUG_INFORMATION_FORMAT = dwarf;
				ENABLE_STRICT_OBJC_MSGSEND = YES;
				ENABLE_TESTABILITY = YES;
				GCC_C_LANGUAGE_STANDARD = gnu99;
				GCC_DYNAMIC_NO_PIC = NO;
				GCC_NO_COMMON_BLOCKS = YES;
				GCC_OPTIMIZATION_LEVEL = 0;
				GCC_PREPROCESSOR_DEFINITIONS = (
					"DEBUG=1",
					"$(inherited)",
				);
				GCC_WARN_64_TO_32_BIT_CONVERSION = YES;
				GCC_WARN_ABOUT_RETURN_TYPE = YES_ERROR;
				GCC_WARN_UNDECLARED_SELECTOR = YES;
				GCC_WARN_UNINITIALIZED_AUTOS = YES_AGGRESSIVE;
				GCC_WARN_UNUSED_FUNCTION = YES;
				GCC_WARN_UNUSED_VARIABLE = YES;
				IPHONEOS_DEPLOYMENT_TARGET = 10.0;
				MTL_ENABLE_DEBUG_INFO = YES;
				ONLY_ACTIVE_ARCH = YES;
				SDKROOT = iphoneos;
				SWIFT_ACTIVE_COMPILATION_CONDITIONS = DEBUG;
				SWIFT_OPTIMIZATION_LEVEL = "-Onone";
				TARGETED_DEVICE_FAMILY = "1,2";
			};
			name = Debug;
		};
		655A85481E1E8A3A00A6EC9B /* Release */ = {
			isa = XCBuildConfiguration;
			buildSettings = {
				ALWAYS_SEARCH_USER_PATHS = NO;
				CLANG_ANALYZER_NONNULL = YES;
				CLANG_CXX_LANGUAGE_STANDARD = "gnu++0x";
				CLANG_CXX_LIBRARY = "libc++";
				CLANG_ENABLE_MODULES = YES;
				CLANG_ENABLE_OBJC_ARC = YES;
				CLANG_WARN_BOOL_CONVERSION = YES;
				CLANG_WARN_CONSTANT_CONVERSION = YES;
				CLANG_WARN_DIRECT_OBJC_ISA_USAGE = YES_ERROR;
				CLANG_WARN_DOCUMENTATION_COMMENTS = YES;
				CLANG_WARN_EMPTY_BODY = YES;
				CLANG_WARN_ENUM_CONVERSION = YES;
				CLANG_WARN_INFINITE_RECURSION = YES;
				CLANG_WARN_INT_CONVERSION = YES;
				CLANG_WARN_OBJC_ROOT_CLASS = YES_ERROR;
				CLANG_WARN_SUSPICIOUS_MOVES = YES;
				CLANG_WARN_UNREACHABLE_CODE = YES;
				CLANG_WARN__DUPLICATE_METHOD_MATCH = YES;
				"CODE_SIGN_IDENTITY[sdk=iphoneos*]" = "iPhone Developer";
				COPY_PHASE_STRIP = NO;
				DEBUG_INFORMATION_FORMAT = "dwarf-with-dsym";
				ENABLE_NS_ASSERTIONS = NO;
				ENABLE_STRICT_OBJC_MSGSEND = YES;
				GCC_C_LANGUAGE_STANDARD = gnu99;
				GCC_NO_COMMON_BLOCKS = YES;
				GCC_WARN_64_TO_32_BIT_CONVERSION = YES;
				GCC_WARN_ABOUT_RETURN_TYPE = YES_ERROR;
				GCC_WARN_UNDECLARED_SELECTOR = YES;
				GCC_WARN_UNINITIALIZED_AUTOS = YES_AGGRESSIVE;
				GCC_WARN_UNUSED_FUNCTION = YES;
				GCC_WARN_UNUSED_VARIABLE = YES;
				IPHONEOS_DEPLOYMENT_TARGET = 10.0;
				MTL_ENABLE_DEBUG_INFO = NO;
				SDKROOT = iphoneos;
				SWIFT_OPTIMIZATION_LEVEL = "-Owholemodule";
				TARGETED_DEVICE_FAMILY = "1,2";
				VALIDATE_PRODUCT = YES;
			};
			name = Release;
		};
		655A854A1E1E8A3A00A6EC9B /* Debug */ = {
			isa = XCBuildConfiguration;
			buildSettings = {
				ALWAYS_EMBED_SWIFT_STANDARD_LIBRARIES = YES;
				ASSETCATALOG_COMPILER_APPICON_NAME = AppIcon;
				INFOPLIST_FILE = NewNotifications/Info.plist;
				LD_RUNPATH_SEARCH_PATHS = "$(inherited) @executable_path/Frameworks";
				PRODUCT_BUNDLE_IDENTIFIER = com.stefanilie.NewNotifications;
				PRODUCT_NAME = "$(TARGET_NAME)";
				SWIFT_VERSION = 3.0;
			};
			name = Debug;
		};
		655A854B1E1E8A3A00A6EC9B /* Release */ = {
			isa = XCBuildConfiguration;
			buildSettings = {
				ALWAYS_EMBED_SWIFT_STANDARD_LIBRARIES = YES;
				ASSETCATALOG_COMPILER_APPICON_NAME = AppIcon;
				INFOPLIST_FILE = NewNotifications/Info.plist;
				LD_RUNPATH_SEARCH_PATHS = "$(inherited) @executable_path/Frameworks";
				PRODUCT_BUNDLE_IDENTIFIER = com.stefanilie.NewNotifications;
				PRODUCT_NAME = "$(TARGET_NAME)";
				SWIFT_VERSION = 3.0;
			};
			name = Release;
		};
		655A854D1E1E8A3A00A6EC9B /* Debug */ = {
			isa = XCBuildConfiguration;
			buildSettings = {
				ALWAYS_EMBED_SWIFT_STANDARD_LIBRARIES = YES;
				BUNDLE_LOADER = "$(TEST_HOST)";
				INFOPLIST_FILE = NewNotificationsTests/Info.plist;
				LD_RUNPATH_SEARCH_PATHS = "$(inherited) @executable_path/Frameworks @loader_path/Frameworks";
				PRODUCT_BUNDLE_IDENTIFIER = com.stefanilie.NewNotificationsTests;
				PRODUCT_NAME = "$(TARGET_NAME)";
				SWIFT_VERSION = 3.0;
				TEST_HOST = "$(BUILT_PRODUCTS_DIR)/NewNotifications.app/NewNotifications";
			};
			name = Debug;
		};
		655A854E1E1E8A3A00A6EC9B /* Release */ = {
			isa = XCBuildConfiguration;
			buildSettings = {
				ALWAYS_EMBED_SWIFT_STANDARD_LIBRARIES = YES;
				BUNDLE_LOADER = "$(TEST_HOST)";
				INFOPLIST_FILE = NewNotificationsTests/Info.plist;
				LD_RUNPATH_SEARCH_PATHS = "$(inherited) @executable_path/Frameworks @loader_path/Frameworks";
				PRODUCT_BUNDLE_IDENTIFIER = com.stefanilie.NewNotificationsTests;
				PRODUCT_NAME = "$(TARGET_NAME)";
				SWIFT_VERSION = 3.0;
				TEST_HOST = "$(BUILT_PRODUCTS_DIR)/NewNotifications.app/NewNotifications";
			};
			name = Release;
		};
		6595664F1E1ED45600605061 /* Debug */ = {
			isa = XCBuildConfiguration;
			buildSettings = {
				INFOPLIST_FILE = MyContentExtension/Info.plist;
				LD_RUNPATH_SEARCH_PATHS = "$(inherited) @executable_path/Frameworks @executable_path/../../Frameworks";
				PRODUCT_BUNDLE_IDENTIFIER = com.stefanilie.NewNotifications.MyContentExtension;
				PRODUCT_NAME = "$(TARGET_NAME)";
				SKIP_INSTALL = YES;
				SWIFT_VERSION = 3.0;
			};
			name = Debug;
		};
		659566501E1ED45600605061 /* Release */ = {
			isa = XCBuildConfiguration;
			buildSettings = {
				INFOPLIST_FILE = MyContentExtension/Info.plist;
				LD_RUNPATH_SEARCH_PATHS = "$(inherited) @executable_path/Frameworks @executable_path/../../Frameworks";
				PRODUCT_BUNDLE_IDENTIFIER = com.stefanilie.NewNotifications.MyContentExtension;
				PRODUCT_NAME = "$(TARGET_NAME)";
				SKIP_INSTALL = YES;
				SWIFT_VERSION = 3.0;
			};
			name = Release;
		};
		659566671E1ED52500605061 /* Debug */ = {
			isa = XCBuildConfiguration;
			buildSettings = {
				INFOPLIST_FILE = MyContentExtension2/Info.plist;
				LD_RUNPATH_SEARCH_PATHS = "$(inherited) @executable_path/Frameworks @executable_path/../../Frameworks";
				PRODUCT_BUNDLE_IDENTIFIER = com.stefanilie.NewNotifications.MyContentExtension2;
				PRODUCT_NAME = "$(TARGET_NAME)";
				SKIP_INSTALL = YES;
				SWIFT_VERSION = 3.0;
			};
			name = Debug;
		};
		659566681E1ED52500605061 /* Release */ = {
			isa = XCBuildConfiguration;
			buildSettings = {
				INFOPLIST_FILE = MyContentExtension2/Info.plist;
				LD_RUNPATH_SEARCH_PATHS = "$(inherited) @executable_path/Frameworks @executable_path/../../Frameworks";
				PRODUCT_BUNDLE_IDENTIFIER = com.stefanilie.NewNotifications.MyContentExtension2;
				PRODUCT_NAME = "$(TARGET_NAME)";
				SKIP_INSTALL = YES;
				SWIFT_VERSION = 3.0;
			};
			name = Release;
		};
/* End XCBuildConfiguration section */

/* Begin XCConfigurationList section */
		655A85271E1E8A3A00A6EC9B /* Build configuration list for PBXProject "NewNotifications" */ = {
			isa = XCConfigurationList;
			buildConfigurations = (
				655A85471E1E8A3A00A6EC9B /* Debug */,
				655A85481E1E8A3A00A6EC9B /* Release */,
			);
			defaultConfigurationIsVisible = 0;
			defaultConfigurationName = Release;
		};
		655A85491E1E8A3A00A6EC9B /* Build configuration list for PBXNativeTarget "NewNotifications" */ = {
			isa = XCConfigurationList;
			buildConfigurations = (
				655A854A1E1E8A3A00A6EC9B /* Debug */,
				655A854B1E1E8A3A00A6EC9B /* Release */,
			);
			defaultConfigurationIsVisible = 0;
			defaultConfigurationName = Release;
		};
		655A854C1E1E8A3A00A6EC9B /* Build configuration list for PBXNativeTarget "NewNotificationsTests" */ = {
			isa = XCConfigurationList;
			buildConfigurations = (
				655A854D1E1E8A3A00A6EC9B /* Debug */,
				655A854E1E1E8A3A00A6EC9B /* Release */,
			);
			defaultConfigurationIsVisible = 0;
			defaultConfigurationName = Release;
		};
		6595664E1E1ED45600605061 /* Build configuration list for PBXNativeTarget "MyContentExtension" */ = {
			isa = XCConfigurationList;
			buildConfigurations = (
				6595664F1E1ED45600605061 /* Debug */,
				659566501E1ED45600605061 /* Release */,
			);
			defaultConfigurationIsVisible = 0;
		};
		659566661E1ED52500605061 /* Build configuration list for PBXNativeTarget "MyContentExtension2" */ = {
			isa = XCConfigurationList;
			buildConfigurations = (
				659566671E1ED52500605061 /* Debug */,
				659566681E1ED52500605061 /* Release */,
			);
			defaultConfigurationIsVisible = 0;
		};
/* End XCConfigurationList section */
	};
	rootObject = 655A85241E1E8A3A00A6EC9B /* Project object */;
}
