// !$*UTF8*$!
{
	archiveVersion = 1;
	classes = {
	};
	objectVersion = 46;
	objects = {

/* Begin PBXBuildFile section */
		652AB50E1E041076004398C0 /* AppDelegate.swift in Sources */ = {isa = PBXBuildFile; fileRef = 652AB50D1E041076004398C0 /* AppDelegate.swift */; };
		652AB5101E041076004398C0 /* ViewController.swift in Sources */ = {isa = PBXBuildFile; fileRef = 652AB50F1E041076004398C0 /* ViewController.swift */; };
		652AB5131E041076004398C0 /* Main.storyboard in Resources */ = {isa = PBXBuildFile; fileRef = 652AB5111E041076004398C0 /* Main.storyboard */; };
		652AB5151E041076004398C0 /* Assets.xcassets in Resources */ = {isa = PBXBuildFile; fileRef = 652AB5141E041076004398C0 /* Assets.xcassets */; };
		652AB5181E041076004398C0 /* LaunchScreen.storyboard in Resources */ = {isa = PBXBuildFile; fileRef = 652AB5161E041076004398C0 /* LaunchScreen.storyboard */; };
		652AB5231E043740004398C0 /* CircleButton.swift in Sources */ = {isa = PBXBuildFile; fileRef = 652AB5221E043740004398C0 /* CircleButton.swift */; };
		659E29551E1D25E60007DE6C /* test.m4a in Resources */ = {isa = PBXBuildFile; fileRef = 659E29541E1D25E60007DE6C /* test.m4a */; };
/* End PBXBuildFile section */

/* Begin PBXFileReference section */
		652AB50A1E041076004398C0 /* Scribe.app */ = {isa = PBXFileReference; explicitFileType = wrapper.application; includeInIndex = 0; path = Scribe.app; sourceTree = BUILT_PRODUCTS_DIR; };
		652AB50D1E041076004398C0 /* AppDelegate.swift */ = {isa = PBXFileReference; lastKnownFileType = sourcecode.swift; path = AppDelegate.swift; sourceTree = "<group>"; };
		652AB50F1E041076004398C0 /* ViewController.swift */ = {isa = PBXFileReference; lastKnownFileType = sourcecode.swift; path = ViewController.swift; sourceTree = "<group>"; };
		652AB5121E041076004398C0 /* Base */ = {isa = PBXFileReference; lastKnownFileType = file.storyboard; name = Base; path = Base.lproj/Main.storyboard; sourceTree = "<group>"; };
		652AB5141E041076004398C0 /* Assets.xcassets */ = {isa = PBXFileReference; lastKnownFileType = folder.assetcatalog; path = Assets.xcassets; sourceTree = "<group>"; };
		652AB5171E041076004398C0 /* Base */ = {isa = PBXFileReference; lastKnownFileType = file.storyboard; name = Base; path = Base.lproj/LaunchScreen.storyboard; sourceTree = "<group>"; };
		652AB5191E041076004398C0 /* Info.plist */ = {isa = PBXFileReference; lastKnownFileType = text.plist.xml; path = Info.plist; sourceTree = "<group>"; };
		652AB5221E043740004398C0 /* CircleButton.swift */ = {isa = PBXFileReference; fileEncoding = 4; lastKnownFileType = sourcecode.swift; path = CircleButton.swift; sourceTree = "<group>"; };
		659E29541E1D25E60007DE6C /* test.m4a */ = {isa = PBXFileReference; lastKnownFileType = file; path = test.m4a; sourceTree = "<group>"; };
/* End PBXFileReference section */

/* Begin PBXFrameworksBuildPhase section */
		652AB5071E041076004398C0 /* Frameworks */ = {
			isa = PBXFrameworksBuildPhase;
			buildActionMask = 2147483647;
			files = (
			);
			runOnlyForDeploymentPostprocessing = 0;
		};
/* End PBXFrameworksBuildPhase section */

/* Begin PBXGroup section */
		652AB5011E041076004398C0 = {
			isa = PBXGroup;
			children = (
				652AB50C1E041076004398C0 /* Scribe */,
				652AB50B1E041076004398C0 /* Products */,
			);
			sourceTree = "<group>";
		};
		652AB50B1E041076004398C0 /* Products */ = {
			isa = PBXGroup;
			children = (
				652AB50A1E041076004398C0 /* Scribe.app */,
			);
			name = Products;
			sourceTree = "<group>";
		};
		652AB50C1E041076004398C0 /* Scribe */ = {
			isa = PBXGroup;
			children = (
				659E29531E1D25A50007DE6C /* Resources */,
				659E29541E1D25E60007DE6C /* test.m4a */,
				652AB5201E04142D004398C0 /* Model */,
				652AB51F1E041423004398C0 /* View */,
				652AB5211E041434004398C0 /* Controller */,
				652AB50D1E041076004398C0 /* AppDelegate.swift */,
				652AB5111E041076004398C0 /* Main.storyboard */,
				652AB5141E041076004398C0 /* Assets.xcassets */,
				652AB5161E041076004398C0 /* LaunchScreen.storyboard */,
				652AB5191E041076004398C0 /* Info.plist */,
			);
			path = Scribe;
			sourceTree = "<group>";
		};
		652AB51F1E041423004398C0 /* View */ = {
			isa = PBXGroup;
			children = (
				652AB5221E043740004398C0 /* CircleButton.swift */,
			);
			name = View;
			sourceTree = "<group>";
		};
		652AB5201E04142D004398C0 /* Model */ = {
			isa = PBXGroup;
			children = (
			);
			name = Model;
			sourceTree = "<group>";
		};
		652AB5211E041434004398C0 /* Controller */ = {
			isa = PBXGroup;
			children = (
				652AB50F1E041076004398C0 /* ViewController.swift */,
			);
			name = Controller;
			sourceTree = "<group>";
		};
		659E29531E1D25A50007DE6C /* Resources */ = {
			isa = PBXGroup;
			children = (
			);
			name = Resources;
			sourceTree = "<group>";
		};
/* End PBXGroup section */

/* Begin PBXNativeTarget section */
		652AB5091E041076004398C0 /* Scribe */ = {
			isa = PBXNativeTarget;
			buildConfigurationList = 652AB51C1E041076004398C0 /* Build configuration list for PBXNativeTarget "Scribe" */;
			buildPhases = (
				652AB5061E041076004398C0 /* Sources */,
				652AB5071E041076004398C0 /* Frameworks */,
				652AB5081E041076004398C0 /* Resources */,
			);
			buildRules = (
			);
			dependencies = (
			);
			name = Scribe;
			productName = Scribe;
			productReference = 652AB50A1E041076004398C0 /* Scribe.app */;
			productType = "com.apple.product-type.application";
		};
/* End PBXNativeTarget section */

/* Begin PBXProject section */
		652AB5021E041076004398C0 /* Project object */ = {
			isa = PBXProject;
			attributes = {
				LastSwiftUpdateCheck = 0800;
				LastUpgradeCheck = 0800;
				ORGANIZATIONNAME = "Ilie, Stefan";
				TargetAttributes = {
					652AB5091E041076004398C0 = {
						CreatedOnToolsVersion = 8.0;
						DevelopmentTeam = Y44U97YH5R;
						ProvisioningStyle = Automatic;
					};
				};
			};
			buildConfigurationList = 652AB5051E041076004398C0 /* Build configuration list for PBXProject "Scribe" */;
			compatibilityVersion = "Xcode 3.2";
			developmentRegion = English;
			hasScannedForEncodings = 0;
			knownRegions = (
				en,
				Base,
			);
			mainGroup = 652AB5011E041076004398C0;
			productRefGroup = 652AB50B1E041076004398C0 /* Products */;
			projectDirPath = "";
			projectRoot = "";
			targets = (
				652AB5091E041076004398C0 /* Scribe */,
			);
		};
/* End PBXProject section */

/* Begin PBXResourcesBuildPhase section */
		652AB5081E041076004398C0 /* Resources */ = {
			isa = PBXResourcesBuildPhase;
			buildActionMask = 2147483647;
			files = (
				659E29551E1D25E60007DE6C /* test.m4a in Resources */,
				652AB5181E041076004398C0 /* LaunchScreen.storyboard in Resources */,
				652AB5151E041076004398C0 /* Assets.xcassets in Resources */,
				652AB5131E041076004398C0 /* Main.storyboard in Resources */,
			);
			runOnlyForDeploymentPostprocessing = 0;
		};
/* End PBXResourcesBuildPhase section */

/* Begin PBXSourcesBuildPhase section */
		652AB5061E041076004398C0 /* Sources */ = {
			isa = PBXSourcesBuildPhase;
			buildActionMask = 2147483647;
			files = (
				652AB5231E043740004398C0 /* CircleButton.swift in Sources */,
				652AB5101E041076004398C0 /* ViewController.swift in Sources */,
				652AB50E1E041076004398C0 /* AppDelegate.swift in Sources */,
			);
			runOnlyForDeploymentPostprocessing = 0;
		};
/* End PBXSourcesBuildPhase section */

/* Begin PBXVariantGroup section */
		652AB5111E041076004398C0 /* Main.storyboard */ = {
			isa = PBXVariantGroup;
			children = (
				652AB5121E041076004398C0 /* Base */,
			);
			name = Main.storyboard;
			sourceTree = "<group>";
		};
		652AB5161E041076004398C0 /* LaunchScreen.storyboard */ = {
			isa = PBXVariantGroup;
			children = (
				652AB5171E041076004398C0 /* Base */,
			);
			name = LaunchScreen.storyboard;
			sourceTree = "<group>";
		};
/* End PBXVariantGroup section */

/* Begin XCBuildConfiguration section */
		652AB51A1E041076004398C0 /* Debug */ = {
			isa = XCBuildConfiguration;
			buildSettings = {
				ALWAYS_SEARCH_USER_PATHS = NO;
				CLANG_ANALYZER_NONNULL = YES;
				CLANG_CXX_LANGUAGE_STANDARD = "gnu++0x";
				CLANG_CXX_LIBRARY = "libc++";
				CLANG_ENABLE_MODULES = YES;
				CLANG_ENABLE_OBJC_ARC = YES;
				CLANG_WARN_BOOL_CONVERSION = YES;
				CLANG_WARN_CONSTANT_CONVERSION = YES;
				CLANG_WARN_DIRECT_OBJC_ISA_USAGE = YES_ERROR;
				CLANG_WARN_DOCUMENTATION_COMMENTS = YES;
				CLANG_WARN_EMPTY_BODY = YES;
				CLANG_WARN_ENUM_CONVERSION = YES;
				CLANG_WARN_INFINITE_RECURSION = YES;
				CLANG_WARN_INT_CONVERSION = YES;
				CLANG_WARN_OBJC_ROOT_CLASS = YES_ERROR;
				CLANG_WARN_SUSPICIOUS_MOVES = YES;
				CLANG_WARN_UNREACHABLE_CODE = YES;
				CLANG_WARN__DUPLICATE_METHOD_MATCH = YES;
				"CODE_SIGN_IDENTITY[sdk=iphoneos*]" = "iPhone Developer";
				COPY_PHASE_STRIP = NO;
				DEBUG_INFORMATION_FORMAT = dwarf;
				ENABLE_STRICT_OBJC_MSGSEND = YES;
				ENABLE_TESTABILITY = YES;
				GCC_C_LANGUAGE_STANDARD = gnu99;
				GCC_DYNAMIC_NO_PIC = NO;
				GCC_NO_COMMON_BLOCKS = YES;
				GCC_OPTIMIZATION_LEVEL = 0;
				GCC_PREPROCESSOR_DEFINITIONS = (
					"DEBUG=1",
					"$(inherited)",
				);
				GCC_WARN_64_TO_32_BIT_CONVERSION = YES;
				GCC_WARN_ABOUT_RETURN_TYPE = YES_ERROR;
				GCC_WARN_UNDECLARED_SELECTOR = YES;
				GCC_WARN_UNINITIALIZED_AUTOS = YES_AGGRESSIVE;
				GCC_WARN_UNUSED_FUNCTION = YES;
				GCC_WARN_UNUSED_VARIABLE = YES;
				IPHONEOS_DEPLOYMENT_TARGET = 10.0;
				MTL_ENABLE_DEBUG_INFO = YES;
				ONLY_ACTIVE_ARCH = YES;
				SDKROOT = iphoneos;
				SWIFT_ACTIVE_COMPILATION_CONDITIONS = DEBUG;
				SWIFT_OPTIMIZATION_LEVEL = "-Onone";
				TARGETED_DEVICE_FAMILY = "1,2";
			};
			name = Debug;
		};
		652AB51B1E041076004398C0 /* Release */ = {
			isa = XCBuildConfiguration;
			buildSettings = {
				ALWAYS_SEARCH_USER_PATHS = NO;
				CLANG_ANALYZER_NONNULL = YES;
				CLANG_CXX_LANGUAGE_STANDARD = "gnu++0x";
				CLANG_CXX_LIBRARY = "libc++";
				CLANG_ENABLE_MODULES = YES;
				CLANG_ENABLE_OBJC_ARC = YES;
				CLANG_WARN_BOOL_CONVERSION = YES;
				CLANG_WARN_CONSTANT_CONVERSION = YES;
				CLANG_WARN_DIRECT_OBJC_ISA_USAGE = YES_ERROR;
				CLANG_WARN_DOCUMENTATION_COMMENTS = YES;
				CLANG_WARN_EMPTY_BODY = YES;
				CLANG_WARN_ENUM_CONVERSION = YES;
				CLANG_WARN_INFINITE_RECURSION = YES;
				CLANG_WARN_INT_CONVERSION = YES;
				CLANG_WARN_OBJC_ROOT_CLASS = YES_ERROR;
				CLANG_WARN_SUSPICIOUS_MOVES = YES;
				CLANG_WARN_UNREACHABLE_CODE = YES;
				CLANG_WARN__DUPLICATE_METHOD_MATCH = YES;
				"CODE_SIGN_IDENTITY[sdk=iphoneos*]" = "iPhone Developer";
				COPY_PHASE_STRIP = NO;
				DEBUG_INFORMATION_FORMAT = "dwarf-with-dsym";
				ENABLE_NS_ASSERTIONS = NO;
				ENABLE_STRICT_OBJC_MSGSEND = YES;
				GCC_C_LANGUAGE_STANDARD = gnu99;
				GCC_NO_COMMON_BLOCKS = YES;
				GCC_WARN_64_TO_32_BIT_CONVERSION = YES;
				GCC_WARN_ABOUT_RETURN_TYPE = YES_ERROR;
				GCC_WARN_UNDECLARED_SELECTOR = YES;
				GCC_WARN_UNINITIALIZED_AUTOS = YES_AGGRESSIVE;
				GCC_WARN_UNUSED_FUNCTION = YES;
				GCC_WARN_UNUSED_VARIABLE = YES;
				IPHONEOS_DEPLOYMENT_TARGET = 10.0;
				MTL_ENABLE_DEBUG_INFO = NO;
				SDKROOT = iphoneos;
				SWIFT_OPTIMIZATION_LEVEL = "-Owholemodule";
				TARGETED_DEVICE_FAMILY = "1,2";
				VALIDATE_PRODUCT = YES;
			};
			name = Release;
		};
		652AB51D1E041076004398C0 /* Debug */ = {
			isa = XCBuildConfiguration;
			buildSettings = {
				ASSETCATALOG_COMPILER_APPICON_NAME = AppIcon;
				DEVELOPMENT_TEAM = Y44U97YH5R;
				INFOPLIST_FILE = Scribe/Info.plist;
				LD_RUNPATH_SEARCH_PATHS = "$(inherited) @executable_path/Frameworks";
				PRODUCT_BUNDLE_IDENTIFIER = com.stefanilie.Scribe;
				PRODUCT_NAME = "$(TARGET_NAME)";
				SWIFT_VERSION = 3.0;
			};
			name = Debug;
		};
		652AB51E1E041076004398C0 /* Release */ = {
			isa = XCBuildConfiguration;
			buildSettings = {
				ASSETCATALOG_COMPILER_APPICON_NAME = AppIcon;
				DEVELOPMENT_TEAM = Y44U97YH5R;
				INFOPLIST_FILE = Scribe/Info.plist;
				LD_RUNPATH_SEARCH_PATHS = "$(inherited) @executable_path/Frameworks";
				PRODUCT_BUNDLE_IDENTIFIER = com.stefanilie.Scribe;
				PRODUCT_NAME = "$(TARGET_NAME)";
				SWIFT_VERSION = 3.0;
			};
			name = Release;
		};
/* End XCBuildConfiguration section */

/* Begin XCConfigurationList section */
		652AB5051E041076004398C0 /* Build configuration list for PBXProject "Scribe" */ = {
			isa = XCConfigurationList;
			buildConfigurations = (
				652AB51A1E041076004398C0 /* Debug */,
				652AB51B1E041076004398C0 /* Release */,
			);
			defaultConfigurationIsVisible = 0;
			defaultConfigurationName = Release;
		};
		652AB51C1E041076004398C0 /* Build configuration list for PBXNativeTarget "Scribe" */ = {
			isa = XCConfigurationList;
			buildConfigurations = (
				652AB51D1E041076004398C0 /* Debug */,
				652AB51E1E041076004398C0 /* Release */,
			);
			defaultConfigurationIsVisible = 0;
			defaultConfigurationName = Release;
		};
/* End XCConfigurationList section */
	};
	rootObject = 652AB5021E041076004398C0 /* Project object */;
}
