// !$*UTF8*$!
{
	archiveVersion = 1;
	classes = {
	};
	objectVersion = 46;
	objects = {

/* Begin PBXBuildFile section */
		65F6E43A1BFF6F7500D4D316 /* AppDelegate.swift in Sources */ = {isa = PBXBuildFile; fileRef = 65F6E4391BFF6F7500D4D316 /* AppDelegate.swift */; };
		65F6E43C1BFF6F7500D4D316 /* ViewController.swift in Sources */ = {isa = PBXBuildFile; fileRef = 65F6E43B1BFF6F7500D4D316 /* ViewController.swift */; };
		65F6E43F1BFF6F7500D4D316 /* Main.storyboard in Resources */ = {isa = PBXBuildFile; fileRef = 65F6E43D1BFF6F7500D4D316 /* Main.storyboard */; };
		65F6E4411BFF6F7500D4D316 /* Assets.xcassets in Resources */ = {isa = PBXBuildFile; fileRef = 65F6E4401BFF6F7500D4D316 /* Assets.xcassets */; };
		65F6E4441BFF6F7500D4D316 /* LaunchScreen.storyboard in Resources */ = {isa = PBXBuildFile; fileRef = 65F6E4421BFF6F7500D4D316 /* LaunchScreen.storyboard */; };
/* End PBXBuildFile section */

/* Begin PBXFileReference section */
		65F6E4361BFF6F7500D4D316 /* auto-layout-constraints.app */ = {isa = PBXFileReference; explicitFileType = wrapper.application; includeInIndex = 0; path = "auto-layout-constraints.app"; sourceTree = BUILT_PRODUCTS_DIR; };
		65F6E4391BFF6F7500D4D316 /* AppDelegate.swift */ = {isa = PBXFileReference; lastKnownFileType = sourcecode.swift; path = AppDelegate.swift; sourceTree = "<group>"; };
		65F6E43B1BFF6F7500D4D316 /* ViewController.swift */ = {isa = PBXFileReference; lastKnownFileType = sourcecode.swift; path = ViewController.swift; sourceTree = "<group>"; };
		65F6E43E1BFF6F7500D4D316 /* Base */ = {isa = PBXFileReference; lastKnownFileType = file.storyboard; name = Base; path = Base.lproj/Main.storyboard; sourceTree = "<group>"; };
		65F6E4401BFF6F7500D4D316 /* Assets.xcassets */ = {isa = PBXFileReference; lastKnownFileType = folder.assetcatalog; path = Assets.xcassets; sourceTree = "<group>"; };
		65F6E4431BFF6F7500D4D316 /* Base */ = {isa = PBXFileReference; lastKnownFileType = file.storyboard; name = Base; path = Base.lproj/LaunchScreen.storyboard; sourceTree = "<group>"; };
		65F6E4451BFF6F7500D4D316 /* Info.plist */ = {isa = PBXFileReference; lastKnownFileType = text.plist.xml; path = Info.plist; sourceTree = "<group>"; };
/* End PBXFileReference section */

/* Begin PBXFrameworksBuildPhase section */
		65F6E4331BFF6F7400D4D316 /* Frameworks */ = {
			isa = PBXFrameworksBuildPhase;
			buildActionMask = 2147483647;
			files = (
			);
			runOnlyForDeploymentPostprocessing = 0;
		};
/* End PBXFrameworksBuildPhase section */

/* Begin PBXGroup section */
		65F6E42D1BFF6F7400D4D316 = {
			isa = PBXGroup;
			children = (
				65F6E4381BFF6F7500D4D316 /* auto-layout-constraints */,
				65F6E4371BFF6F7500D4D316 /* Products */,
			);
			sourceTree = "<group>";
		};
		65F6E4371BFF6F7500D4D316 /* Products */ = {
			isa = PBXGroup;
			children = (
				65F6E4361BFF6F7500D4D316 /* auto-layout-constraints.app */,
			);
			name = Products;
			sourceTree = "<group>";
		};
		65F6E4381BFF6F7500D4D316 /* auto-layout-constraints */ = {
			isa = PBXGroup;
			children = (
				65F6E4391BFF6F7500D4D316 /* AppDelegate.swift */,
				65F6E43B1BFF6F7500D4D316 /* ViewController.swift */,
				65F6E43D1BFF6F7500D4D316 /* Main.storyboard */,
				65F6E4401BFF6F7500D4D316 /* Assets.xcassets */,
				65F6E4421BFF6F7500D4D316 /* LaunchScreen.storyboard */,
				65F6E4451BFF6F7500D4D316 /* Info.plist */,
			);
			path = "auto-layout-constraints";
			sourceTree = "<group>";
		};
/* End PBXGroup section */

/* Begin PBXNativeTarget section */
		65F6E4351BFF6F7400D4D316 /* auto-layout-constraints */ = {
			isa = PBXNativeTarget;
			buildConfigurationList = 65F6E4481BFF6F7500D4D316 /* Build configuration list for PBXNativeTarget "auto-layout-constraints" */;
			buildPhases = (
				65F6E4321BFF6F7400D4D316 /* Sources */,
				65F6E4331BFF6F7400D4D316 /* Frameworks */,
				65F6E4341BFF6F7400D4D316 /* Resources */,
			);
			buildRules = (
			);
			dependencies = (
			);
			name = "auto-layout-constraints";
			productName = "auto-layout-constraints";
			productReference = 65F6E4361BFF6F7500D4D316 /* auto-layout-constraints.app */;
			productType = "com.apple.product-type.application";
		};
/* End PBXNativeTarget section */

/* Begin PBXProject section */
		65F6E42E1BFF6F7400D4D316 /* Project object */ = {
			isa = PBXProject;
			attributes = {
				LastSwiftUpdateCheck = 0710;
				LastUpgradeCheck = 0710;
				ORGANIZATIONNAME = "Ilie, Stefan";
				TargetAttributes = {
					65F6E4351BFF6F7400D4D316 = {
						CreatedOnToolsVersion = 7.1.1;
					};
				};
			};
			buildConfigurationList = 65F6E4311BFF6F7400D4D316 /* Build configuration list for PBXProject "auto-layout-constraints" */;
			compatibilityVersion = "Xcode 3.2";
			developmentRegion = English;
			hasScannedForEncodings = 0;
			knownRegions = (
				en,
				Base,
			);
			mainGroup = 65F6E42D1BFF6F7400D4D316;
			productRefGroup = 65F6E4371BFF6F7500D4D316 /* Products */;
			projectDirPath = "";
			projectRoot = "";
			targets = (
				65F6E4351BFF6F7400D4D316 /* auto-layout-constraints */,
			);
		};
/* End PBXProject section */

/* Begin PBXResourcesBuildPhase section */
		65F6E4341BFF6F7400D4D316 /* Resources */ = {
			isa = PBXResourcesBuildPhase;
			buildActionMask = 2147483647;
			files = (
				65F6E4441BFF6F7500D4D316 /* LaunchScreen.storyboard in Resources */,
				65F6E4411BFF6F7500D4D316 /* Assets.xcassets in Resources */,
				65F6E43F1BFF6F7500D4D316 /* Main.storyboard in Resources */,
			);
			runOnlyForDeploymentPostprocessing = 0;
		};
/* End PBXResourcesBuildPhase section */

/* Begin PBXSourcesBuildPhase section */
		65F6E4321BFF6F7400D4D316 /* Sources */ = {
			isa = PBXSourcesBuildPhase;
			buildActionMask = 2147483647;
			files = (
				65F6E43C1BFF6F7500D4D316 /* ViewController.swift in Sources */,
				65F6E43A1BFF6F7500D4D316 /* AppDelegate.swift in Sources */,
			);
			runOnlyForDeploymentPostprocessing = 0;
		};
/* End PBXSourcesBuildPhase section */

/* Begin PBXVariantGroup section */
		65F6E43D1BFF6F7500D4D316 /* Main.storyboard */ = {
			isa = PBXVariantGroup;
			children = (
				65F6E43E1BFF6F7500D4D316 /* Base */,
			);
			name = Main.storyboard;
			sourceTree = "<group>";
		};
		65F6E4421BFF6F7500D4D316 /* LaunchScreen.storyboard */ = {
			isa = PBXVariantGroup;
			children = (
				65F6E4431BFF6F7500D4D316 /* Base */,
			);
			name = LaunchScreen.storyboard;
			sourceTree = "<group>";
		};
/* End PBXVariantGroup section */

/* Begin XCBuildConfiguration section */
		65F6E4461BFF6F7500D4D316 /* Debug */ = {
			isa = XCBuildConfiguration;
			buildSettings = {
				ALWAYS_SEARCH_USER_PATHS = NO;
				CLANG_CXX_LANGUAGE_STANDARD = "gnu++0x";
				CLANG_CXX_LIBRARY = "libc++";
				CLANG_ENABLE_MODULES = YES;
				CLANG_ENABLE_OBJC_ARC = YES;
				CLANG_WARN_BOOL_CONVERSION = YES;
				CLANG_WARN_CONSTANT_CONVERSION = YES;
				CLANG_WARN_DIRECT_OBJC_ISA_USAGE = YES_ERROR;
				CLANG_WARN_EMPTY_BODY = YES;
				CLANG_WARN_ENUM_CONVERSION = YES;
				CLANG_WARN_INT_CONVERSION = YES;
				CLANG_WARN_OBJC_ROOT_CLASS = YES_ERROR;
				CLANG_WARN_UNREACHABLE_CODE = YES;
				CLANG_WARN__DUPLICATE_METHOD_MATCH = YES;
				"CODE_SIGN_IDENTITY[sdk=iphoneos*]" = "iPhone Developer";
				COPY_PHASE_STRIP = NO;
				DEBUG_INFORMATION_FORMAT = dwarf;
				ENABLE_STRICT_OBJC_MSGSEND = YES;
				ENABLE_TESTABILITY = YES;
				GCC_C_LANGUAGE_STANDARD = gnu99;
				GCC_DYNAMIC_NO_PIC = NO;
				GCC_NO_COMMON_BLOCKS = YES;
				GCC_OPTIMIZATION_LEVEL = 0;
				GCC_PREPROCESSOR_DEFINITIONS = (
					"DEBUG=1",
					"$(inherited)",
				);
				GCC_WARN_64_TO_32_BIT_CONVERSION = YES;
				GCC_WARN_ABOUT_RETURN_TYPE = YES_ERROR;
				GCC_WARN_UNDECLARED_SELECTOR = YES;
				GCC_WARN_UNINITIALIZED_AUTOS = YES_AGGRESSIVE;
				GCC_WARN_UNUSED_FUNCTION = YES;
				GCC_WARN_UNUSED_VARIABLE = YES;
				IPHONEOS_DEPLOYMENT_TARGET = 9.1;
				MTL_ENABLE_DEBUG_INFO = YES;
				ONLY_ACTIVE_ARCH = YES;
				SDKROOT = iphoneos;
				SWIFT_OPTIMIZATION_LEVEL = "-Onone";
			};
			name = Debug;
		};
		65F6E4471BFF6F7500D4D316 /* Release */ = {
			isa = XCBuildConfiguration;
			buildSettings = {
				ALWAYS_SEARCH_USER_PATHS = NO;
				CLANG_CXX_LANGUAGE_STANDARD = "gnu++0x";
				CLANG_CXX_LIBRARY = "libc++";
				CLANG_ENABLE_MODULES = YES;
				CLANG_ENABLE_OBJC_ARC = YES;
				CLANG_WARN_BOOL_CONVERSION = YES;
				CLANG_WARN_CONSTANT_CONVERSION = YES;
				CLANG_WARN_DIRECT_OBJC_ISA_USAGE = YES_ERROR;
				CLANG_WARN_EMPTY_BODY = YES;
				CLANG_WARN_ENUM_CONVERSION = YES;
				CLANG_WARN_INT_CONVERSION = YES;
				CLANG_WARN_OBJC_ROOT_CLASS = YES_ERROR;
				CLANG_WARN_UNREACHABLE_CODE = YES;
				CLANG_WARN__DUPLICATE_METHOD_MATCH = YES;
				"CODE_SIGN_IDENTITY[sdk=iphoneos*]" = "iPhone Developer";
				COPY_PHASE_STRIP = NO;
				DEBUG_INFORMATION_FORMAT = "dwarf-with-dsym";
				ENABLE_NS_ASSERTIONS = NO;
				ENABLE_STRICT_OBJC_MSGSEND = YES;
				GCC_C_LANGUAGE_STANDARD = gnu99;
				GCC_NO_COMMON_BLOCKS = YES;
				GCC_WARN_64_TO_32_BIT_CONVERSION = YES;
				GCC_WARN_ABOUT_RETURN_TYPE = YES_ERROR;
				GCC_WARN_UNDECLARED_SELECTOR = YES;
				GCC_WARN_UNINITIALIZED_AUTOS = YES_AGGRESSIVE;
				GCC_WARN_UNUSED_FUNCTION = YES;
				GCC_WARN_UNUSED_VARIABLE = YES;
				IPHONEOS_DEPLOYMENT_TARGET = 9.1;
				MTL_ENABLE_DEBUG_INFO = NO;
				SDKROOT = iphoneos;
				VALIDATE_PRODUCT = YES;
			};
			name = Release;
		};
		65F6E4491BFF6F7500D4D316 /* Debug */ = {
			isa = XCBuildConfiguration;
			buildSettings = {
				ASSETCATALOG_COMPILER_APPICON_NAME = AppIcon;
				INFOPLIST_FILE = "auto-layout-constraints/Info.plist";
				LD_RUNPATH_SEARCH_PATHS = "$(inherited) @executable_path/Frameworks";
				PRODUCT_BUNDLE_IDENTIFIER = "com.stefanilie.auto-layout-constraints";
				PRODUCT_NAME = "$(TARGET_NAME)";
			};
			name = Debug;
		};
		65F6E44A1BFF6F7500D4D316 /* Release */ = {
			isa = XCBuildConfiguration;
			buildSettings = {
				ASSETCATALOG_COMPILER_APPICON_NAME = AppIcon;
				INFOPLIST_FILE = "auto-layout-constraints/Info.plist";
				LD_RUNPATH_SEARCH_PATHS = "$(inherited) @executable_path/Frameworks";
				PRODUCT_BUNDLE_IDENTIFIER = "com.stefanilie.auto-layout-constraints";
				PRODUCT_NAME = "$(TARGET_NAME)";
			};
			name = Release;
		};
/* End XCBuildConfiguration section */

/* Begin XCConfigurationList section */
		65F6E4311BFF6F7400D4D316 /* Build configuration list for PBXProject "auto-layout-constraints" */ = {
			isa = XCConfigurationList;
			buildConfigurations = (
				65F6E4461BFF6F7500D4D316 /* Debug */,
				65F6E4471BFF6F7500D4D316 /* Release */,
			);
			defaultConfigurationIsVisible = 0;
			defaultConfigurationName = Release;
		};
		65F6E4481BFF6F7500D4D316 /* Build configuration list for PBXNativeTarget "auto-layout-constraints" */ = {
			isa = XCConfigurationList;
			buildConfigurations = (
				65F6E4491BFF6F7500D4D316 /* Debug */,
				65F6E44A1BFF6F7500D4D316 /* Release */,
			);
			defaultConfigurationIsVisible = 0;
		};
/* End XCConfigurationList section */
	};
	rootObject = 65F6E42E1BFF6F7400D4D316 /* Project object */;
}
